
Microsoft Visual Studio Solution File, Format Version 12.00
# Visual Studio Version 16
VisualStudioVersion = 16.0.29613.14
MinimumVisualStudioVersion = 10.0.40219.1
Project("{9A19103F-16F7-4668-BE54-9A1E7A4F7556}") = "Simulation_Information_System", "Simulation_Information_System.csproj", "{172F8784-EB04-4AE4-BC47-0EA9196B0E85}"
EndProject
Global
	GlobalSection(SolutionConfigurationPlatforms) = preSolution
		Debug|Any CPU = Debug|Any CPU
		Release|Any CPU = Release|Any CPU
	EndGlobalSection
	GlobalSection(ProjectConfigurationPlatforms) = postSolution
		{172F8784-EB04-4AE4-BC47-0EA9196B0E85}.Debug|Any CPU.ActiveCfg = Debug|Any CPU
		{172F8784-EB04-4AE4-BC47-0EA9196B0E85}.Debug|Any CPU.Build.0 = Debug|Any CPU
		{172F8784-EB04-4AE4-BC47-0EA9196B0E85}.Release|Any CPU.ActiveCfg = Release|Any CPU
		{172F8784-EB04-4AE4-BC47-0EA9196B0E85}.Release|Any CPU.Build.0 = Release|Any CPU
	EndGlobalSection
	GlobalSection(SolutionProperties) = preSolution
		HideSolutionNode = FALSE
	EndGlobalSection
	GlobalSection(ExtensibilityGlobals) = postSolution
		SolutionGuid = {6AB56682-D2EA-460E-8BA8-1EBB121820D1}
	EndGlobalSection
EndGlobal
